
Microsoft Visual Studio Solution File, Format Version 12.00
# Visual Studio Version 17
VisualStudioVersion = 17.9.34723.18
MinimumVisualStudioVersion = 10.0.40219.1
Project("{FAE04EC0-301F-11D3-BF4B-00C04F79EFBC}") = "textGameEngine", "textGameEngine\textGameEngine.csproj", "{5C21CA24-0539-4DA0-80DC-889FC693A68E}"
EndProject
Global
	GlobalSection(SolutionConfigurationPlatforms) = preSolution
		Debug|Any CPU = Debug|Any CPU
		Release|Any CPU = Release|Any CPU
	EndGlobalSection
	GlobalSection(ProjectConfigurationPlatforms) = postSolution
		{5C21CA24-0539-4DA0-80DC-889FC693A68E}.Debug|Any CPU.ActiveCfg = Debug|Any CPU
		{5C21CA24-0539-4DA0-80DC-889FC693A68E}.Debug|Any CPU.Build.0 = Debug|Any CPU
		{5C21CA24-0539-4DA0-80DC-889FC693A68E}.Release|Any CPU.ActiveCfg = Release|Any CPU
		{5C21CA24-0539-4DA0-80DC-889FC693A68E}.Release|Any CPU.Build.0 = Release|Any CPU
	EndGlobalSection
	GlobalSection(SolutionProperties) = preSolution
		HideSolutionNode = FALSE
	EndGlobalSection
	GlobalSection(ExtensibilityGlobals) = postSolution
		SolutionGuid = {FED42E2A-0435-4D0C-8E47-CE3C35B9055A}
	EndGlobalSection
EndGlobal
